{
  "version": "v1",
  "packages": {
    "@augno/ui": {
      "signature": "7878337441db6b141647bf6622bf6409",
      "file": true,
      "replaced": "^1.6.1"
    },
    "@augno/internal-sdk": {
      "signature": "140bf3a971a48ae2ada3337c5319e964",
      "file": true,
      "replaced": "^2.2.0"
    }
  }
}