{
  "version": "v1",
  "packages": {
    "@augno/ui": {
      "signature": "9a3634a248f47dfc002407ffa5851217",
      "file": true,
      "replaced": "^1.6.4"
    },
    "@augno/internal-sdk": {
      "signature": "087f05e0185b288e2e00508abd234ff8",
      "file": true,
      "replaced": "^3.4.2"
    }
  }
}