{
  "version": "v1",
  "packages": {
    "@augno/ui": {
      "signature": "e6a87d5af7d395d7182d7d832eb5672d",
      "file": true,
      "replaced": "^1.6.4"
    },
    "@augno/internal-sdk": {
      "signature": "087f05e0185b288e2e00508abd234ff8",
      "file": true,
      "replaced": "^3.4.2"
    }
  }
}